PODS:
  - AFNetworking (2.6.1):
    - AFNetworking/NSURLConnection (= 2.6.1)
    - AFNetworking/NSURLSession (= 2.6.1)
    - AFNetworking/Reachability (= 2.6.1)
    - AFNetworking/Security (= 2.6.1)
    - AFNetworking/Serialization (= 2.6.1)
    - AFNetworking/UIKit (= 2.6.1)
  - AFNetworking/NSURLConnection (2.6.1):
    - AFNetworking/Reachability
    - AFNetworking/Security
    - AFNetworking/Serialization
  - AFNetworking/NSURLSession (2.6.1):
    - AFNetworking/Reachability
    - AFNetworking/Security
    - AFNetworking/Serialization
  - AFNetworking/Reachability (2.6.1)
  - AFNetworking/Security (2.6.1)
  - AFNetworking/Serialization (2.6.1)
  - AFNetworking/UIKit (2.6.1):
    - AFNetworking/NSURLConnection
    - AFNetworking/NSURLSession
  - Charts (2.1.4)
  - CocoaAsyncSocket (7.4.2)
  - CocoaLumberjack (1.9.2):
    - CocoaLumberjack/Extensions (= 1.9.2)
  - CocoaLumberjack/Core (1.9.2)
  - CocoaLumberjack/Extensions (1.9.2):
    - CocoaLumberjack/Core
  - FormatterKit/UnitOfInformationFormatter (1.8.0)
  - libplist (1.11)
  - libusbmuxd (1.0.9):
    - libplist (~> 1.11)
  - ProxyKit (1.0.1):
    - CocoaAsyncSocket (~> 7.3)
    - CocoaLumberjack (~> 1.8)
  - UIView+AutoLayout (2.0.1)

DEPENDENCIES:
  - AFNetworking
  - Charts
  - FormatterKit/UnitOfInformationFormatter
  - libplist (~> 1.11)
  - libusbmuxd (~> 1.0.9)
  - ProxyKit (from `Submodules/ProxyKit`)
  - UIView+AutoLayout

EXTERNAL SOURCES:
  ProxyKit:
    :path: Submodules/ProxyKit

SPEC CHECKSUMS:
  AFNetworking: 8e4e60500beb8bec644cf575beee72990a76d399
  Charts: 870589b6b4bf8468baacea8869c28983d71f602c
  CocoaAsyncSocket: f5783bdedd232d91b89769bc4b5a1580aed518ad
  CocoaLumberjack: 628fca2e88ef06f7cf6817309aa405f325d9a6fa
  FormatterKit: bddde83e054edf9d9ee14f9de3b3a5103db256f4
  libplist: a51ec131d61a2e1d90e58cf8381c7f8e3ecda812
  libusbmuxd: f18beb81ec50b2dc5b6c8975ce253bc9a83e7cce
  ProxyKit: b4d2cc6100428631dc075e2f9287ecfa081bbe92
  UIView+AutoLayout: 9eb76d5e72974e5b96c0350624d8f17ddb405ee0

COCOAPODS: 0.39.0
